
Microsoft Visual Studio Solution File, Format Version 12.00
# Visual Studio Version 17
VisualStudioVersion = 17.3.32825.248
MinimumVisualStudioVersion = 10.0.40219.1
Project("{FAE04EC0-301F-11D3-BF4B-00C04F79EFBC}") = "NLayer.Core", "NLayer.Core\NLayer.Core.csproj", "{C23ACA8C-AB1C-4B09-989D-ECDAAEBB141A}"
EndProject
Project("{FAE04EC0-301F-11D3-BF4B-00C04F79EFBC}") = "NLayer.Repository", "NLayer.Repository\NLayer.Repository.csproj", "{97CB2C64-932B-4B7E-9408-8FB4301BB57C}"
EndProject
Project("{FAE04EC0-301F-11D3-BF4B-00C04F79EFBC}") = "NLayer.Service", "NLayer.Service\NLayer.Service.csproj", "{8565BC8D-AB38-4AB7-B182-852D24B428F4}"
EndProject
Project("{FAE04EC0-301F-11D3-BF4B-00C04F79EFBC}") = "NLayer.API", "NLayer.API\NLayer.API.csproj", "{A9A3572E-AC96-4B49-8B5B-CC10D7E05A77}"
EndProject
Project("{FAE04EC0-301F-11D3-BF4B-00C04F79EFBC}") = "NLayer.Web", "NLayer.Web\NLayer.Web.csproj", "{6566059E-F076-4BED-9651-1DC1904EF79A}"
EndProject
Project("{FAE04EC0-301F-11D3-BF4B-00C04F79EFBC}") = "NLayer.Caching", "NLayer.Caching\NLayer.Caching.csproj", "{A1CB818D-3421-4A8A-B845-D0D6A1C8D52F}"
EndProject
Global
	GlobalSection(SolutionConfigurationPlatforms) = preSolution
		Debug|Any CPU = Debug|Any CPU
		Release|Any CPU = Release|Any CPU
	EndGlobalSection
	GlobalSection(ProjectConfigurationPlatforms) = postSolution
		{C23ACA8C-AB1C-4B09-989D-ECDAAEBB141A}.Debug|Any CPU.ActiveCfg = Debug|Any CPU
		{C23ACA8C-AB1C-4B09-989D-ECDAAEBB141A}.Debug|Any CPU.Build.0 = Debug|Any CPU
		{C23ACA8C-AB1C-4B09-989D-ECDAAEBB141A}.Release|Any CPU.ActiveCfg = Release|Any CPU
		{C23ACA8C-AB1C-4B09-989D-ECDAAEBB141A}.Release|Any CPU.Build.0 = Release|Any CPU
		{97CB2C64-932B-4B7E-9408-8FB4301BB57C}.Debug|Any CPU.ActiveCfg = Debug|Any CPU
		{97CB2C64-932B-4B7E-9408-8FB4301BB57C}.Debug|Any CPU.Build.0 = Debug|Any CPU
		{97CB2C64-932B-4B7E-9408-8FB4301BB57C}.Release|Any CPU.ActiveCfg = Release|Any CPU
		{97CB2C64-932B-4B7E-9408-8FB4301BB57C}.Release|Any CPU.Build.0 = Release|Any CPU
		{8565BC8D-AB38-4AB7-B182-852D24B428F4}.Debug|Any CPU.ActiveCfg = Debug|Any CPU
		{8565BC8D-AB38-4AB7-B182-852D24B428F4}.Debug|Any CPU.Build.0 = Debug|Any CPU
		{8565BC8D-AB38-4AB7-B182-852D24B428F4}.Release|Any CPU.ActiveCfg = Release|Any CPU
		{8565BC8D-AB38-4AB7-B182-852D24B428F4}.Release|Any CPU.Build.0 = Release|Any CPU
		{A9A3572E-AC96-4B49-8B5B-CC10D7E05A77}.Debug|Any CPU.ActiveCfg = Debug|Any CPU
		{A9A3572E-AC96-4B49-8B5B-CC10D7E05A77}.Debug|Any CPU.Build.0 = Debug|Any CPU
		{A9A3572E-AC96-4B49-8B5B-CC10D7E05A77}.Release|Any CPU.ActiveCfg = Release|Any CPU
		{A9A3572E-AC96-4B49-8B5B-CC10D7E05A77}.Release|Any CPU.Build.0 = Release|Any CPU
		{6566059E-F076-4BED-9651-1DC1904EF79A}.Debug|Any CPU.ActiveCfg = Debug|Any CPU
		{6566059E-F076-4BED-9651-1DC1904EF79A}.Debug|Any CPU.Build.0 = Debug|Any CPU
		{6566059E-F076-4BED-9651-1DC1904EF79A}.Release|Any CPU.ActiveCfg = Release|Any CPU
		{6566059E-F076-4BED-9651-1DC1904EF79A}.Release|Any CPU.Build.0 = Release|Any CPU
		{A1CB818D-3421-4A8A-B845-D0D6A1C8D52F}.Debug|Any CPU.ActiveCfg = Debug|Any CPU
		{A1CB818D-3421-4A8A-B845-D0D6A1C8D52F}.Debug|Any CPU.Build.0 = Debug|Any CPU
		{A1CB818D-3421-4A8A-B845-D0D6A1C8D52F}.Release|Any CPU.ActiveCfg = Release|Any CPU
		{A1CB818D-3421-4A8A-B845-D0D6A1C8D52F}.Release|Any CPU.Build.0 = Release|Any CPU
	EndGlobalSection
	GlobalSection(SolutionProperties) = preSolution
		HideSolutionNode = FALSE
	EndGlobalSection
	GlobalSection(ExtensibilityGlobals) = postSolution
		SolutionGuid = {443974F3-6F34-495B-9363-E70F08152E99}
	EndGlobalSection
EndGlobal
